
Microsoft Visual Studio Solution File, Format Version 12.00
# Visual Studio Version 17
VisualStudioVersion = 17.7.34031.279
MinimumVisualStudioVersion = 10.0.40219.1
Project("{FAE04EC0-301F-11D3-BF4B-00C04F79EFBC}") = "TelaProdutos", "TelaProdutos\TelaProdutos.csproj", "{10B6EA8B-39DA-49D9-8B0A-633BBC61721F}"
EndProject
Global
	GlobalSection(SolutionConfigurationPlatforms) = preSolution
		Debug|Any CPU = Debug|Any CPU
		Release|Any CPU = Release|Any CPU
	EndGlobalSection
	GlobalSection(ProjectConfigurationPlatforms) = postSolution
		{10B6EA8B-39DA-49D9-8B0A-633BBC61721F}.Debug|Any CPU.ActiveCfg = Debug|Any CPU
		{10B6EA8B-39DA-49D9-8B0A-633BBC61721F}.Debug|Any CPU.Build.0 = Debug|Any CPU
		{10B6EA8B-39DA-49D9-8B0A-633BBC61721F}.Release|Any CPU.ActiveCfg = Release|Any CPU
		{10B6EA8B-39DA-49D9-8B0A-633BBC61721F}.Release|Any CPU.Build.0 = Release|Any CPU
	EndGlobalSection
	GlobalSection(SolutionProperties) = preSolution
		HideSolutionNode = FALSE
	EndGlobalSection
	GlobalSection(ExtensibilityGlobals) = postSolution
		SolutionGuid = {47294468-E02A-4D90-90A2-0028E0B0BE41}
	EndGlobalSection
EndGlobal
